
Microsoft Visual Studio Solution File, Format Version 12.00
# Visual Studio Express 2012 for Windows Desktop
Project("{F184B08F-C81C-45F6-A57F-5ABD9991F28F}") = "CodeX", "CodeX\CodeX.vbproj", "{F6DEC256-C9D3-42BD-8174-8F55D9771913}"
EndProject
Global
	GlobalSection(SolutionConfigurationPlatforms) = preSolution
		Debug|Any CPU = Debug|Any CPU
		Release|Any CPU = Release|Any CPU
	EndGlobalSection
	GlobalSection(ProjectConfigurationPlatforms) = postSolution
		{F6DEC256-C9D3-42BD-8174-8F55D9771913}.Debug|Any CPU.ActiveCfg = Debug|Any CPU
		{F6DEC256-C9D3-42BD-8174-8F55D9771913}.Debug|Any CPU.Build.0 = Debug|Any CPU
		{F6DEC256-C9D3-42BD-8174-8F55D9771913}.Release|Any CPU.ActiveCfg = Release|Any CPU
		{F6DEC256-C9D3-42BD-8174-8F55D9771913}.Release|Any CPU.Build.0 = Release|Any CPU
	EndGlobalSection
	GlobalSection(SolutionProperties) = preSolution
		HideSolutionNode = FALSE
	EndGlobalSection
EndGlobal
